Microsoft Visual Studio Solution File, Format Version 12.00
# Visual Studio Version 17
VisualStudioVersion = 17.0.31903.59
MinimumVisualStudioVersion = 10.0.40219.1
Project("{69660056-CC39-44B3-B4D0-8C3F8A09C590}") = "Project_d876059c80aa4061b9b89506be8da3b4_20250601200320499620", "Project_d876059c80aa4061b9b89506be8da3b4_20250601200320499620.csproj", "{69660056-CC39-44B3-B4D0-8C3F8A09C590}"
EndProject
Global
    GlobalSection(SolutionConfigurationPlatforms) = preSolution
        Debug|Any CPU = Debug|Any CPU
        Release|Any CPU = Release|Any CPU
    EndGlobalSection
    GlobalSection(ProjectConfigurationPlatforms) = postSolution
        {69660056-CC39-44B3-B4D0-8C3F8A09C590}.Debug|Any CPU.ActiveCfg = Debug|Any CPU
        {69660056-CC39-44B3-B4D0-8C3F8A09C590}.Debug|Any CPU.Build.0 = Debug|Any CPU
        {69660056-CC39-44B3-B4D0-8C3F8A09C590}.Release|Any CPU.ActiveCfg = Release|Any CPU
        {69660056-CC39-44B3-B4D0-8C3F8A09C590}.Release|Any CPU.Build.0 = Release|Any CPU
    EndGlobalSection
EndGlobal